
Microsoft Visual Studio Solution File, Format Version 12.00
# Visual Studio 15
VisualStudioVersion = 15.0.27130.2010
MinimumVisualStudioVersion = 10.0.40219.1
Project("{FAE04EC0-301F-11D3-BF4B-00C04F79EFBC}") = "firstDuplicate", "firstDuplicate\firstDuplicate.csproj", "{3B035423-73DD-4E9C-A19F-1F30F411BC06}"
EndProject
Global
	GlobalSection(SolutionConfigurationPlatforms) = preSolution
		Debug|Any CPU = Debug|Any CPU
		Release|Any CPU = Release|Any CPU
	EndGlobalSection
	GlobalSection(ProjectConfigurationPlatforms) = postSolution
		{3B035423-73DD-4E9C-A19F-1F30F411BC06}.Debug|Any CPU.ActiveCfg = Debug|Any CPU
		{3B035423-73DD-4E9C-A19F-1F30F411BC06}.Debug|Any CPU.Build.0 = Debug|Any CPU
		{3B035423-73DD-4E9C-A19F-1F30F411BC06}.Release|Any CPU.ActiveCfg = Release|Any CPU
		{3B035423-73DD-4E9C-A19F-1F30F411BC06}.Release|Any CPU.Build.0 = Release|Any CPU
	EndGlobalSection
	GlobalSection(SolutionProperties) = preSolution
		HideSolutionNode = FALSE
	EndGlobalSection
	GlobalSection(ExtensibilityGlobals) = postSolution
		SolutionGuid = {837E2077-96F8-4AC1-8E41-B876F173018B}
	EndGlobalSection
EndGlobal
